
Microsoft Visual Studio Solution File, Format Version 12.00
# Visual Studio Version 17
VisualStudioVersion = 17.8.35326.199
MinimumVisualStudioVersion = 10.0.40219.1
Project("{FAE04EC0-301F-11D3-BF4B-00C04F79EFBC}") = "BancoAPI.SA", "BancoAPI.SA.csproj", "{82A287BB-702A-41F2-83C3-BB39D8622681}"
EndProject
Global
	GlobalSection(SolutionConfigurationPlatforms) = preSolution
		Debug|Any CPU = Debug|Any CPU
		Release|Any CPU = Release|Any CPU
	EndGlobalSection
	GlobalSection(ProjectConfigurationPlatforms) = postSolution
		{82A287BB-702A-41F2-83C3-BB39D8622681}.Debug|Any CPU.ActiveCfg = Debug|Any CPU
		{82A287BB-702A-41F2-83C3-BB39D8622681}.Debug|Any CPU.Build.0 = Debug|Any CPU
		{82A287BB-702A-41F2-83C3-BB39D8622681}.Release|Any CPU.ActiveCfg = Release|Any CPU
		{82A287BB-702A-41F2-83C3-BB39D8622681}.Release|Any CPU.Build.0 = Release|Any CPU
	EndGlobalSection
	GlobalSection(SolutionProperties) = preSolution
		HideSolutionNode = FALSE
	EndGlobalSection
	GlobalSection(ExtensibilityGlobals) = postSolution
		SolutionGuid = {80989DA3-0A5A-4556-AF78-EF741EBBE909}
	EndGlobalSection
EndGlobal
